
Microsoft Visual Studio Solution File, Format Version 12.00
# Visual Studio Version 17
VisualStudioVersion = 17.1.32228.430
MinimumVisualStudioVersion = 10.0.40219.1
Project("{FAE04EC0-301F-11D3-BF4B-00C04F79EFBC}") = "01. Unique Usernames", "01. Unique Usernames\01. Unique Usernames.csproj", "{A97CB7A2-A550-43E2-AC95-5C9413D491D9}"
EndProject
Project("{FAE04EC0-301F-11D3-BF4B-00C04F79EFBC}") = "02. Sets of Elements", "02. Sets of Elements\02. Sets of Elements.csproj", "{D0EEF5FC-DA00-4A20-BBFA-00F87F8A6B93}"
EndProject
Project("{FAE04EC0-301F-11D3-BF4B-00C04F79EFBC}") = "03. Periodic Table", "03. Periodic Table\03. Periodic Table.csproj", "{CFE584FF-947E-432B-85F6-4DB04C54FAFC}"
EndProject
Project("{FAE04EC0-301F-11D3-BF4B-00C04F79EFBC}") = "04. Even Times", "04. Even Times\04. Even Times.csproj", "{976708C1-ED90-4006-BF65-89223E874034}"
EndProject
Project("{FAE04EC0-301F-11D3-BF4B-00C04F79EFBC}") = "05. Count Symbols", "05. Count Symbols\05. Count Symbols.csproj", "{01ABAE97-B764-47E8-9D6B-A491A5D9B70D}"
EndProject
Project("{FAE04EC0-301F-11D3-BF4B-00C04F79EFBC}") = "06. Wardrobe", "06. Wardrobe\06. Wardrobe.csproj", "{7CB90838-03D6-4771-825F-8C176D32D611}"
EndProject
Project("{FAE04EC0-301F-11D3-BF4B-00C04F79EFBC}") = "07. The V-Logger", "07. The V-Logger\07. The V-Logger.csproj", "{ABB334C0-9679-4BDF-B126-70DA05AB8797}"
EndProject
Project("{FAE04EC0-301F-11D3-BF4B-00C04F79EFBC}") = "08. Ranking", "08. Ranking\08. Ranking.csproj", "{610CAC65-B65D-44C5-8F19-A3844B376105}"
EndProject
Project("{FAE04EC0-301F-11D3-BF4B-00C04F79EFBC}") = "09. SoftUni Exam Results", "09. SoftUni Exam Results\09. SoftUni Exam Results.csproj", "{90632DD3-238F-44DE-A8CF-5FD0DFCBA162}"
EndProject
Project("{FAE04EC0-301F-11D3-BF4B-00C04F79EFBC}") = "10. ForceBook", "10. ForceBook\10. ForceBook.csproj", "{47E6D4BC-68F5-4DAD-9EB8-B9735AFA977F}"
EndProject
Global
	GlobalSection(SolutionConfigurationPlatforms) = preSolution
		Debug|Any CPU = Debug|Any CPU
		Release|Any CPU = Release|Any CPU
	EndGlobalSection
	GlobalSection(ProjectConfigurationPlatforms) = postSolution
		{A97CB7A2-A550-43E2-AC95-5C9413D491D9}.Debug|Any CPU.ActiveCfg = Debug|Any CPU
		{A97CB7A2-A550-43E2-AC95-5C9413D491D9}.Debug|Any CPU.Build.0 = Debug|Any CPU
		{A97CB7A2-A550-43E2-AC95-5C9413D491D9}.Release|Any CPU.ActiveCfg = Release|Any CPU
		{A97CB7A2-A550-43E2-AC95-5C9413D491D9}.Release|Any CPU.Build.0 = Release|Any CPU
		{D0EEF5FC-DA00-4A20-BBFA-00F87F8A6B93}.Debug|Any CPU.ActiveCfg = Debug|Any CPU
		{D0EEF5FC-DA00-4A20-BBFA-00F87F8A6B93}.Debug|Any CPU.Build.0 = Debug|Any CPU
		{D0EEF5FC-DA00-4A20-BBFA-00F87F8A6B93}.Release|Any CPU.ActiveCfg = Release|Any CPU
		{D0EEF5FC-DA00-4A20-BBFA-00F87F8A6B93}.Release|Any CPU.Build.0 = Release|Any CPU
		{CFE584FF-947E-432B-85F6-4DB04C54FAFC}.Debug|Any CPU.ActiveCfg = Debug|Any CPU
		{CFE584FF-947E-432B-85F6-4DB04C54FAFC}.Debug|Any CPU.Build.0 = Debug|Any CPU
		{CFE584FF-947E-432B-85F6-4DB04C54FAFC}.Release|Any CPU.ActiveCfg = Release|Any CPU
		{CFE584FF-947E-432B-85F6-4DB04C54FAFC}.Release|Any CPU.Build.0 = Release|Any CPU
		{976708C1-ED90-4006-BF65-89223E874034}.Debug|Any CPU.ActiveCfg = Debug|Any CPU
		{976708C1-ED90-4006-BF65-89223E874034}.Debug|Any CPU.Build.0 = Debug|Any CPU
		{976708C1-ED90-4006-BF65-89223E874034}.Release|Any CPU.ActiveCfg = Release|Any CPU
		{976708C1-ED90-4006-BF65-89223E874034}.Release|Any CPU.Build.0 = Release|Any CPU
		{01ABAE97-B764-47E8-9D6B-A491A5D9B70D}.Debug|Any CPU.ActiveCfg = Debug|Any CPU
		{01ABAE97-B764-47E8-9D6B-A491A5D9B70D}.Debug|Any CPU.Build.0 = Debug|Any CPU
		{01ABAE97-B764-47E8-9D6B-A491A5D9B70D}.Release|Any CPU.ActiveCfg = Release|Any CPU
		{01ABAE97-B764-47E8-9D6B-A491A5D9B70D}.Release|Any CPU.Build.0 = Release|Any CPU
		{7CB90838-03D6-4771-825F-8C176D32D611}.Debug|Any CPU.ActiveCfg = Debug|Any CPU
		{7CB90838-03D6-4771-825F-8C176D32D611}.Debug|Any CPU.Build.0 = Debug|Any CPU
		{7CB90838-03D6-4771-825F-8C176D32D611}.Release|Any CPU.ActiveCfg = Release|Any CPU
		{7CB90838-03D6-4771-825F-8C176D32D611}.Release|Any CPU.Build.0 = Release|Any CPU
		{ABB334C0-9679-4BDF-B126-70DA05AB8797}.Debug|Any CPU.ActiveCfg = Debug|Any CPU
		{ABB334C0-9679-4BDF-B126-70DA05AB8797}.Debug|Any CPU.Build.0 = Debug|Any CPU
		{ABB334C0-9679-4BDF-B126-70DA05AB8797}.Release|Any CPU.ActiveCfg = Release|Any CPU
		{ABB334C0-9679-4BDF-B126-70DA05AB8797}.Release|Any CPU.Build.0 = Release|Any CPU
		{610CAC65-B65D-44C5-8F19-A3844B376105}.Debug|Any CPU.ActiveCfg = Debug|Any CPU
		{610CAC65-B65D-44C5-8F19-A3844B376105}.Debug|Any CPU.Build.0 = Debug|Any CPU
		{610CAC65-B65D-44C5-8F19-A3844B376105}.Release|Any CPU.ActiveCfg = Release|Any CPU
		{610CAC65-B65D-44C5-8F19-A3844B376105}.Release|Any CPU.Build.0 = Release|Any CPU
		{90632DD3-238F-44DE-A8CF-5FD0DFCBA162}.Debug|Any CPU.ActiveCfg = Debug|Any CPU
		{90632DD3-238F-44DE-A8CF-5FD0DFCBA162}.Debug|Any CPU.Build.0 = Debug|Any CPU
		{90632DD3-238F-44DE-A8CF-5FD0DFCBA162}.Release|Any CPU.ActiveCfg = Release|Any CPU
		{90632DD3-238F-44DE-A8CF-5FD0DFCBA162}.Release|Any CPU.Build.0 = Release|Any CPU
		{47E6D4BC-68F5-4DAD-9EB8-B9735AFA977F}.Debug|Any CPU.ActiveCfg = Debug|Any CPU
		{47E6D4BC-68F5-4DAD-9EB8-B9735AFA977F}.Debug|Any CPU.Build.0 = Debug|Any CPU
		{47E6D4BC-68F5-4DAD-9EB8-B9735AFA977F}.Release|Any CPU.ActiveCfg = Release|Any CPU
		{47E6D4BC-68F5-4DAD-9EB8-B9735AFA977F}.Release|Any CPU.Build.0 = Release|Any CPU
	EndGlobalSection
	GlobalSection(SolutionProperties) = preSolution
		HideSolutionNode = FALSE
	EndGlobalSection
	GlobalSection(ExtensibilityGlobals) = postSolution
		SolutionGuid = {90665257-4164-445B-B2E4-582B3C5E8DA2}
	EndGlobalSection
EndGlobal
