
Microsoft Visual Studio Solution File, Format Version 12.00
# Visual Studio Version 17
VisualStudioVersion = 17.1.32228.430
MinimumVisualStudioVersion = 10.0.40219.1
Project("{9A19103F-16F7-4668-BE54-9A1E7A4F7556}") = "01.Meal Plan", "01.Meal Plan\01.Meal Plan.csproj", "{A9D96B49-2F0E-4F9A-A8A3-61186F5476A0}"
EndProject
Project("{9A19103F-16F7-4668-BE54-9A1E7A4F7556}") = "01. Bakery Shop", "01. Bakery Shop\01. Bakery Shop.csproj", "{C27C751E-4DB2-44A8-BA82-B61C6E1A7FA1}"
EndProject
Project("{9A19103F-16F7-4668-BE54-9A1E7A4F7556}") = "01. Blacksmith", "01. Blacksmith\01. Blacksmith.csproj", "{BEA69E3C-1194-4E78-AB4E-3529B0FD411F}"
EndProject
Project("{9A19103F-16F7-4668-BE54-9A1E7A4F7556}") = "01. Food Finder", "01. Food Finder\01. Food Finder.csproj", "{C14635B0-E8F4-47C8-81DA-019E25F8D88C}"
EndProject
Project("{9A19103F-16F7-4668-BE54-9A1E7A4F7556}") = "02. Truffle Hunter", "02. Truffle Hunter\02. Truffle Hunter.csproj", "{E3AE72A8-EEFF-47CB-A92E-EE46481D2233}"
EndProject
Project("{9A19103F-16F7-4668-BE54-9A1E7A4F7556}") = "02. Beaver at Work", "02. Beaver at Work\02. Beaver at Work.csproj", "{D7B03246-AA6D-4331-A2FB-D588CBAA46DD}"
EndProject
Project("{9A19103F-16F7-4668-BE54-9A1E7A4F7556}") = "Zoo", "Zoo\Zoo.csproj", "{1250F411-6D2F-46C9-A287-58D93D748D12}"
EndProject
Project("{9A19103F-16F7-4668-BE54-9A1E7A4F7556}") = "FishingNet", "FishingNet\FishingNet.csproj", "{12BCD9C2-0593-453B-AF52-BE884A7E3247}"
EndProject
Project("{9A19103F-16F7-4668-BE54-9A1E7A4F7556}") = "02. Armory", "02. Armory\02. Armory.csproj", "{8042F405-1A2D-45AA-B2C3-DB6CAA28633C}"
EndProject
Project("{9A19103F-16F7-4668-BE54-9A1E7A4F7556}") = "Drones", "Drones\Drones.csproj", "{E1C40FB8-FF72-40CA-A490-91B2D6E917E9}"
EndProject
Project("{9A19103F-16F7-4668-BE54-9A1E7A4F7556}") = "02. Pawn Wars", "02. Pawn Wars\02. Pawn Wars.csproj", "{9E59297D-FA54-4351-B994-575E15EDF201}"
EndProject
Project("{9A19103F-16F7-4668-BE54-9A1E7A4F7556}") = "02.Pawn Wars2", "02.Pawn Wars2\02.Pawn Wars2.csproj", "{89223461-851D-4350-8470-0B869866DF8E}"
EndProject
Project("{9A19103F-16F7-4668-BE54-9A1E7A4F7556}") = "StockMarket", "StockMarket\StockMarket.csproj", "{930E2E5A-14ED-4BDC-AE5E-1BA748BC27DC}"
EndProject
Project("{9A19103F-16F7-4668-BE54-9A1E7A4F7556}") = "01. Birthday Celebration", "01. Birthday Celebration\01. Birthday Celebration.csproj", "{A9FB96E4-32D8-4D45-85D4-31F646E14F73}"
EndProject
Project("{9A19103F-16F7-4668-BE54-9A1E7A4F7556}") = "02.The Battle of The Five Armies", "02.The Battle of The Five Armies\02.The Battle of The Five Armies.csproj", "{6328D613-6BED-4C54-875B-718358D8EF23}"
EndProject
Project("{9A19103F-16F7-4668-BE54-9A1E7A4F7556}") = "StreetRacing", "StreetRacing\StreetRacing.csproj", "{8F7BBE48-5561-45A7-918F-A74A90005B74}"
EndProject
Project("{9A19103F-16F7-4668-BE54-9A1E7A4F7556}") = "01.Masterchef", "01.Masterchef\01.Masterchef.csproj", "{42A4B1DE-97F7-4F06-BB8F-9333F030547F}"
EndProject
Project("{9A19103F-16F7-4668-BE54-9A1E7A4F7556}") = "02.Survivor", "02.Survivor\02.Survivor.csproj", "{33275A6F-AAD9-4225-A721-68ED8B76769D}"
EndProject
Project("{9A19103F-16F7-4668-BE54-9A1E7A4F7556}") = "SkiRental", "SkiRental\SkiRental.csproj", "{6347CFF6-AAD4-4134-9317-8DD9F93F6865}"
EndProject
Project("{9A19103F-16F7-4668-BE54-9A1E7A4F7556}") = "01. Lootbox", "01. Lootbox\01. Lootbox.csproj", "{E7969D79-47FF-479F-A6CC-2C3B61449C38}"
EndProject
Project("{9A19103F-16F7-4668-BE54-9A1E7A4F7556}") = "02. Re-Volt", "02. Re-Volt\02. Re-Volt.csproj", "{CADF2F67-F7BA-44B0-8236-8D27219FAFF7}"
EndProject
Project("{9A19103F-16F7-4668-BE54-9A1E7A4F7556}") = "Guild", "Guild\Guild.csproj", "{EFCE035D-D6FE-4757-AEF1-470F47E13EB4}"
EndProject
Project("{9A19103F-16F7-4668-BE54-9A1E7A4F7556}") = "01.Warm Winter", "01.Warm Winter\01.Warm Winter.csproj", "{C2F7A2A1-DDC3-487E-9283-A9A3BC4315CD}"
EndProject
Project("{9A19103F-16F7-4668-BE54-9A1E7A4F7556}") = "02.Super Mario", "02.Super Mario\02.Super Mario.csproj", "{B705972B-86FE-40AC-B885-E0464E30FA2C}"
EndProject
Project("{9A19103F-16F7-4668-BE54-9A1E7A4F7556}") = "CocktailParty", "Cocktail Party\CocktailParty.csproj", "{3DC7F0DB-B066-4F06-8264-9A9E77231978}"
EndProject
Project("{9A19103F-16F7-4668-BE54-9A1E7A4F7556}") = "01. The Fight for Gondor", "01. The Fight for Gondor\01. The Fight for Gondor.csproj", "{5E2D31CA-110B-41D0-98D4-25ED71146D35}"
EndProject
Project("{9A19103F-16F7-4668-BE54-9A1E7A4F7556}") = "02. Warships", "02. Warships\02. Warships.csproj", "{0433CE14-F5C3-45EC-A0EE-608D3212B4D3}"
EndProject
Project("{9A19103F-16F7-4668-BE54-9A1E7A4F7556}") = "TheRace", "The Race - skeleton\TheRace.csproj", "{D8CF3AD1-DC41-490D-8F22-61D50C1D2B75}"
EndProject
Project("{9A19103F-16F7-4668-BE54-9A1E7A4F7556}") = "01. Cooking", "01. Cooking\01. Cooking.csproj", "{3F2624BD-F760-4026-AB5C-303D5116DFDE}"
EndProject
Project("{9A19103F-16F7-4668-BE54-9A1E7A4F7556}") = "02. Selling", "02. Selling\02. Selling.csproj", "{56E7E85C-7630-4086-B5F7-E30C3D8AE87B}"
EndProject
Project("{9A19103F-16F7-4668-BE54-9A1E7A4F7556}") = "BakeryOpenning", "Opening\BakeryOpenning.csproj", "{87679052-198B-4784-8099-80B96B7E835D}"
EndProject
Project("{FAE04EC0-301F-11D3-BF4B-00C04F79EFBC}") = "01. Scheduling", "01. Scheduling\01. Scheduling.csproj", "{80B1741E-8176-4B7C-BD92-EAF299124A7D}"
EndProject
Global
	GlobalSection(SolutionConfigurationPlatforms) = preSolution
		Debug|Any CPU = Debug|Any CPU
		Release|Any CPU = Release|Any CPU
	EndGlobalSection
	GlobalSection(ProjectConfigurationPlatforms) = postSolution
		{A9D96B49-2F0E-4F9A-A8A3-61186F5476A0}.Debug|Any CPU.ActiveCfg = Debug|Any CPU
		{A9D96B49-2F0E-4F9A-A8A3-61186F5476A0}.Debug|Any CPU.Build.0 = Debug|Any CPU
		{A9D96B49-2F0E-4F9A-A8A3-61186F5476A0}.Release|Any CPU.ActiveCfg = Release|Any CPU
		{A9D96B49-2F0E-4F9A-A8A3-61186F5476A0}.Release|Any CPU.Build.0 = Release|Any CPU
		{C27C751E-4DB2-44A8-BA82-B61C6E1A7FA1}.Debug|Any CPU.ActiveCfg = Debug|Any CPU
		{C27C751E-4DB2-44A8-BA82-B61C6E1A7FA1}.Debug|Any CPU.Build.0 = Debug|Any CPU
		{C27C751E-4DB2-44A8-BA82-B61C6E1A7FA1}.Release|Any CPU.ActiveCfg = Release|Any CPU
		{C27C751E-4DB2-44A8-BA82-B61C6E1A7FA1}.Release|Any CPU.Build.0 = Release|Any CPU
		{BEA69E3C-1194-4E78-AB4E-3529B0FD411F}.Debug|Any CPU.ActiveCfg = Debug|Any CPU
		{BEA69E3C-1194-4E78-AB4E-3529B0FD411F}.Debug|Any CPU.Build.0 = Debug|Any CPU
		{BEA69E3C-1194-4E78-AB4E-3529B0FD411F}.Release|Any CPU.ActiveCfg = Release|Any CPU
		{BEA69E3C-1194-4E78-AB4E-3529B0FD411F}.Release|Any CPU.Build.0 = Release|Any CPU
		{C14635B0-E8F4-47C8-81DA-019E25F8D88C}.Debug|Any CPU.ActiveCfg = Debug|Any CPU
		{C14635B0-E8F4-47C8-81DA-019E25F8D88C}.Debug|Any CPU.Build.0 = Debug|Any CPU
		{C14635B0-E8F4-47C8-81DA-019E25F8D88C}.Release|Any CPU.ActiveCfg = Release|Any CPU
		{C14635B0-E8F4-47C8-81DA-019E25F8D88C}.Release|Any CPU.Build.0 = Release|Any CPU
		{E3AE72A8-EEFF-47CB-A92E-EE46481D2233}.Debug|Any CPU.ActiveCfg = Debug|Any CPU
		{E3AE72A8-EEFF-47CB-A92E-EE46481D2233}.Debug|Any CPU.Build.0 = Debug|Any CPU
		{E3AE72A8-EEFF-47CB-A92E-EE46481D2233}.Release|Any CPU.ActiveCfg = Release|Any CPU
		{E3AE72A8-EEFF-47CB-A92E-EE46481D2233}.Release|Any CPU.Build.0 = Release|Any CPU
		{D7B03246-AA6D-4331-A2FB-D588CBAA46DD}.Debug|Any CPU.ActiveCfg = Debug|Any CPU
		{D7B03246-AA6D-4331-A2FB-D588CBAA46DD}.Debug|Any CPU.Build.0 = Debug|Any CPU
		{D7B03246-AA6D-4331-A2FB-D588CBAA46DD}.Release|Any CPU.ActiveCfg = Release|Any CPU
		{D7B03246-AA6D-4331-A2FB-D588CBAA46DD}.Release|Any CPU.Build.0 = Release|Any CPU
		{1250F411-6D2F-46C9-A287-58D93D748D12}.Debug|Any CPU.ActiveCfg = Debug|Any CPU
		{1250F411-6D2F-46C9-A287-58D93D748D12}.Debug|Any CPU.Build.0 = Debug|Any CPU
		{1250F411-6D2F-46C9-A287-58D93D748D12}.Release|Any CPU.ActiveCfg = Release|Any CPU
		{1250F411-6D2F-46C9-A287-58D93D748D12}.Release|Any CPU.Build.0 = Release|Any CPU
		{12BCD9C2-0593-453B-AF52-BE884A7E3247}.Debug|Any CPU.ActiveCfg = Debug|Any CPU
		{12BCD9C2-0593-453B-AF52-BE884A7E3247}.Debug|Any CPU.Build.0 = Debug|Any CPU
		{12BCD9C2-0593-453B-AF52-BE884A7E3247}.Release|Any CPU.ActiveCfg = Release|Any CPU
		{12BCD9C2-0593-453B-AF52-BE884A7E3247}.Release|Any CPU.Build.0 = Release|Any CPU
		{8042F405-1A2D-45AA-B2C3-DB6CAA28633C}.Debug|Any CPU.ActiveCfg = Debug|Any CPU
		{8042F405-1A2D-45AA-B2C3-DB6CAA28633C}.Debug|Any CPU.Build.0 = Debug|Any CPU
		{8042F405-1A2D-45AA-B2C3-DB6CAA28633C}.Release|Any CPU.ActiveCfg = Release|Any CPU
		{8042F405-1A2D-45AA-B2C3-DB6CAA28633C}.Release|Any CPU.Build.0 = Release|Any CPU
		{E1C40FB8-FF72-40CA-A490-91B2D6E917E9}.Debug|Any CPU.ActiveCfg = Debug|Any CPU
		{E1C40FB8-FF72-40CA-A490-91B2D6E917E9}.Debug|Any CPU.Build.0 = Debug|Any CPU
		{E1C40FB8-FF72-40CA-A490-91B2D6E917E9}.Release|Any CPU.ActiveCfg = Release|Any CPU
		{E1C40FB8-FF72-40CA-A490-91B2D6E917E9}.Release|Any CPU.Build.0 = Release|Any CPU
		{9E59297D-FA54-4351-B994-575E15EDF201}.Debug|Any CPU.ActiveCfg = Debug|Any CPU
		{9E59297D-FA54-4351-B994-575E15EDF201}.Debug|Any CPU.Build.0 = Debug|Any CPU
		{9E59297D-FA54-4351-B994-575E15EDF201}.Release|Any CPU.ActiveCfg = Release|Any CPU
		{9E59297D-FA54-4351-B994-575E15EDF201}.Release|Any CPU.Build.0 = Release|Any CPU
		{89223461-851D-4350-8470-0B869866DF8E}.Debug|Any CPU.ActiveCfg = Debug|Any CPU
		{89223461-851D-4350-8470-0B869866DF8E}.Debug|Any CPU.Build.0 = Debug|Any CPU
		{89223461-851D-4350-8470-0B869866DF8E}.Release|Any CPU.ActiveCfg = Release|Any CPU
		{89223461-851D-4350-8470-0B869866DF8E}.Release|Any CPU.Build.0 = Release|Any CPU
		{930E2E5A-14ED-4BDC-AE5E-1BA748BC27DC}.Debug|Any CPU.ActiveCfg = Debug|Any CPU
		{930E2E5A-14ED-4BDC-AE5E-1BA748BC27DC}.Debug|Any CPU.Build.0 = Debug|Any CPU
		{930E2E5A-14ED-4BDC-AE5E-1BA748BC27DC}.Release|Any CPU.ActiveCfg = Release|Any CPU
		{930E2E5A-14ED-4BDC-AE5E-1BA748BC27DC}.Release|Any CPU.Build.0 = Release|Any CPU
		{A9FB96E4-32D8-4D45-85D4-31F646E14F73}.Debug|Any CPU.ActiveCfg = Debug|Any CPU
		{A9FB96E4-32D8-4D45-85D4-31F646E14F73}.Debug|Any CPU.Build.0 = Debug|Any CPU
		{A9FB96E4-32D8-4D45-85D4-31F646E14F73}.Release|Any CPU.ActiveCfg = Release|Any CPU
		{A9FB96E4-32D8-4D45-85D4-31F646E14F73}.Release|Any CPU.Build.0 = Release|Any CPU
		{6328D613-6BED-4C54-875B-718358D8EF23}.Debug|Any CPU.ActiveCfg = Debug|Any CPU
		{6328D613-6BED-4C54-875B-718358D8EF23}.Debug|Any CPU.Build.0 = Debug|Any CPU
		{6328D613-6BED-4C54-875B-718358D8EF23}.Release|Any CPU.ActiveCfg = Release|Any CPU
		{6328D613-6BED-4C54-875B-718358D8EF23}.Release|Any CPU.Build.0 = Release|Any CPU
		{8F7BBE48-5561-45A7-918F-A74A90005B74}.Debug|Any CPU.ActiveCfg = Debug|Any CPU
		{8F7BBE48-5561-45A7-918F-A74A90005B74}.Debug|Any CPU.Build.0 = Debug|Any CPU
		{8F7BBE48-5561-45A7-918F-A74A90005B74}.Release|Any CPU.ActiveCfg = Release|Any CPU
		{8F7BBE48-5561-45A7-918F-A74A90005B74}.Release|Any CPU.Build.0 = Release|Any CPU
		{42A4B1DE-97F7-4F06-BB8F-9333F030547F}.Debug|Any CPU.ActiveCfg = Debug|Any CPU
		{42A4B1DE-97F7-4F06-BB8F-9333F030547F}.Debug|Any CPU.Build.0 = Debug|Any CPU
		{42A4B1DE-97F7-4F06-BB8F-9333F030547F}.Release|Any CPU.ActiveCfg = Release|Any CPU
		{42A4B1DE-97F7-4F06-BB8F-9333F030547F}.Release|Any CPU.Build.0 = Release|Any CPU
		{33275A6F-AAD9-4225-A721-68ED8B76769D}.Debug|Any CPU.ActiveCfg = Debug|Any CPU
		{33275A6F-AAD9-4225-A721-68ED8B76769D}.Debug|Any CPU.Build.0 = Debug|Any CPU
		{33275A6F-AAD9-4225-A721-68ED8B76769D}.Release|Any CPU.ActiveCfg = Release|Any CPU
		{33275A6F-AAD9-4225-A721-68ED8B76769D}.Release|Any CPU.Build.0 = Release|Any CPU
		{6347CFF6-AAD4-4134-9317-8DD9F93F6865}.Debug|Any CPU.ActiveCfg = Debug|Any CPU
		{6347CFF6-AAD4-4134-9317-8DD9F93F6865}.Debug|Any CPU.Build.0 = Debug|Any CPU
		{6347CFF6-AAD4-4134-9317-8DD9F93F6865}.Release|Any CPU.ActiveCfg = Release|Any CPU
		{6347CFF6-AAD4-4134-9317-8DD9F93F6865}.Release|Any CPU.Build.0 = Release|Any CPU
		{E7969D79-47FF-479F-A6CC-2C3B61449C38}.Debug|Any CPU.ActiveCfg = Debug|Any CPU
		{E7969D79-47FF-479F-A6CC-2C3B61449C38}.Debug|Any CPU.Build.0 = Debug|Any CPU
		{E7969D79-47FF-479F-A6CC-2C3B61449C38}.Release|Any CPU.ActiveCfg = Release|Any CPU
		{E7969D79-47FF-479F-A6CC-2C3B61449C38}.Release|Any CPU.Build.0 = Release|Any CPU
		{CADF2F67-F7BA-44B0-8236-8D27219FAFF7}.Debug|Any CPU.ActiveCfg = Debug|Any CPU
		{CADF2F67-F7BA-44B0-8236-8D27219FAFF7}.Debug|Any CPU.Build.0 = Debug|Any CPU
		{CADF2F67-F7BA-44B0-8236-8D27219FAFF7}.Release|Any CPU.ActiveCfg = Release|Any CPU
		{CADF2F67-F7BA-44B0-8236-8D27219FAFF7}.Release|Any CPU.Build.0 = Release|Any CPU
		{EFCE035D-D6FE-4757-AEF1-470F47E13EB4}.Debug|Any CPU.ActiveCfg = Debug|Any CPU
		{EFCE035D-D6FE-4757-AEF1-470F47E13EB4}.Debug|Any CPU.Build.0 = Debug|Any CPU
		{EFCE035D-D6FE-4757-AEF1-470F47E13EB4}.Release|Any CPU.ActiveCfg = Release|Any CPU
		{EFCE035D-D6FE-4757-AEF1-470F47E13EB4}.Release|Any CPU.Build.0 = Release|Any CPU
		{C2F7A2A1-DDC3-487E-9283-A9A3BC4315CD}.Debug|Any CPU.ActiveCfg = Debug|Any CPU
		{C2F7A2A1-DDC3-487E-9283-A9A3BC4315CD}.Debug|Any CPU.Build.0 = Debug|Any CPU
		{C2F7A2A1-DDC3-487E-9283-A9A3BC4315CD}.Release|Any CPU.ActiveCfg = Release|Any CPU
		{C2F7A2A1-DDC3-487E-9283-A9A3BC4315CD}.Release|Any CPU.Build.0 = Release|Any CPU
		{B705972B-86FE-40AC-B885-E0464E30FA2C}.Debug|Any CPU.ActiveCfg = Debug|Any CPU
		{B705972B-86FE-40AC-B885-E0464E30FA2C}.Debug|Any CPU.Build.0 = Debug|Any CPU
		{B705972B-86FE-40AC-B885-E0464E30FA2C}.Release|Any CPU.ActiveCfg = Release|Any CPU
		{B705972B-86FE-40AC-B885-E0464E30FA2C}.Release|Any CPU.Build.0 = Release|Any CPU
		{3DC7F0DB-B066-4F06-8264-9A9E77231978}.Debug|Any CPU.ActiveCfg = Debug|Any CPU
		{3DC7F0DB-B066-4F06-8264-9A9E77231978}.Debug|Any CPU.Build.0 = Debug|Any CPU
		{3DC7F0DB-B066-4F06-8264-9A9E77231978}.Release|Any CPU.ActiveCfg = Release|Any CPU
		{3DC7F0DB-B066-4F06-8264-9A9E77231978}.Release|Any CPU.Build.0 = Release|Any CPU
		{5E2D31CA-110B-41D0-98D4-25ED71146D35}.Debug|Any CPU.ActiveCfg = Debug|Any CPU
		{5E2D31CA-110B-41D0-98D4-25ED71146D35}.Debug|Any CPU.Build.0 = Debug|Any CPU
		{5E2D31CA-110B-41D0-98D4-25ED71146D35}.Release|Any CPU.ActiveCfg = Release|Any CPU
		{5E2D31CA-110B-41D0-98D4-25ED71146D35}.Release|Any CPU.Build.0 = Release|Any CPU
		{0433CE14-F5C3-45EC-A0EE-608D3212B4D3}.Debug|Any CPU.ActiveCfg = Debug|Any CPU
		{0433CE14-F5C3-45EC-A0EE-608D3212B4D3}.Debug|Any CPU.Build.0 = Debug|Any CPU
		{0433CE14-F5C3-45EC-A0EE-608D3212B4D3}.Release|Any CPU.ActiveCfg = Release|Any CPU
		{0433CE14-F5C3-45EC-A0EE-608D3212B4D3}.Release|Any CPU.Build.0 = Release|Any CPU
		{D8CF3AD1-DC41-490D-8F22-61D50C1D2B75}.Debug|Any CPU.ActiveCfg = Debug|Any CPU
		{D8CF3AD1-DC41-490D-8F22-61D50C1D2B75}.Debug|Any CPU.Build.0 = Debug|Any CPU
		{D8CF3AD1-DC41-490D-8F22-61D50C1D2B75}.Release|Any CPU.ActiveCfg = Release|Any CPU
		{D8CF3AD1-DC41-490D-8F22-61D50C1D2B75}.Release|Any CPU.Build.0 = Release|Any CPU
		{3F2624BD-F760-4026-AB5C-303D5116DFDE}.Debug|Any CPU.ActiveCfg = Debug|Any CPU
		{3F2624BD-F760-4026-AB5C-303D5116DFDE}.Debug|Any CPU.Build.0 = Debug|Any CPU
		{3F2624BD-F760-4026-AB5C-303D5116DFDE}.Release|Any CPU.ActiveCfg = Release|Any CPU
		{3F2624BD-F760-4026-AB5C-303D5116DFDE}.Release|Any CPU.Build.0 = Release|Any CPU
		{56E7E85C-7630-4086-B5F7-E30C3D8AE87B}.Debug|Any CPU.ActiveCfg = Debug|Any CPU
		{56E7E85C-7630-4086-B5F7-E30C3D8AE87B}.Debug|Any CPU.Build.0 = Debug|Any CPU
		{56E7E85C-7630-4086-B5F7-E30C3D8AE87B}.Release|Any CPU.ActiveCfg = Release|Any CPU
		{56E7E85C-7630-4086-B5F7-E30C3D8AE87B}.Release|Any CPU.Build.0 = Release|Any CPU
		{87679052-198B-4784-8099-80B96B7E835D}.Debug|Any CPU.ActiveCfg = Debug|Any CPU
		{87679052-198B-4784-8099-80B96B7E835D}.Debug|Any CPU.Build.0 = Debug|Any CPU
		{87679052-198B-4784-8099-80B96B7E835D}.Release|Any CPU.ActiveCfg = Release|Any CPU
		{87679052-198B-4784-8099-80B96B7E835D}.Release|Any CPU.Build.0 = Release|Any CPU
		{80B1741E-8176-4B7C-BD92-EAF299124A7D}.Debug|Any CPU.ActiveCfg = Debug|Any CPU
		{80B1741E-8176-4B7C-BD92-EAF299124A7D}.Debug|Any CPU.Build.0 = Debug|Any CPU
		{80B1741E-8176-4B7C-BD92-EAF299124A7D}.Release|Any CPU.ActiveCfg = Release|Any CPU
		{80B1741E-8176-4B7C-BD92-EAF299124A7D}.Release|Any CPU.Build.0 = Release|Any CPU
	EndGlobalSection
	GlobalSection(SolutionProperties) = preSolution
		HideSolutionNode = FALSE
	EndGlobalSection
	GlobalSection(ExtensibilityGlobals) = postSolution
		SolutionGuid = {36CCA7BC-1503-4494-9746-6278ACDF44C8}
	EndGlobalSection
EndGlobal
