
Microsoft Visual Studio Solution File, Format Version 12.00
# Visual Studio Version 17
VisualStudioVersion = 17.1.32228.430
MinimumVisualStudioVersion = 10.0.40219.1
Project("{9A19103F-16F7-4668-BE54-9A1E7A4F7556}") = "BoxOfT", "BoxOfT.csproj", "{7AE98AC9-9AE5-45E7-A994-DAE92E4AFA70}"
EndProject
Global
	GlobalSection(SolutionConfigurationPlatforms) = preSolution
		Debug|Any CPU = Debug|Any CPU
		Release|Any CPU = Release|Any CPU
	EndGlobalSection
	GlobalSection(ProjectConfigurationPlatforms) = postSolution
		{7AE98AC9-9AE5-45E7-A994-DAE92E4AFA70}.Debug|Any CPU.ActiveCfg = Debug|Any CPU
		{7AE98AC9-9AE5-45E7-A994-DAE92E4AFA70}.Debug|Any CPU.Build.0 = Debug|Any CPU
		{7AE98AC9-9AE5-45E7-A994-DAE92E4AFA70}.Release|Any CPU.ActiveCfg = Release|Any CPU
		{7AE98AC9-9AE5-45E7-A994-DAE92E4AFA70}.Release|Any CPU.Build.0 = Release|Any CPU
	EndGlobalSection
	GlobalSection(SolutionProperties) = preSolution
		HideSolutionNode = FALSE
	EndGlobalSection
	GlobalSection(ExtensibilityGlobals) = postSolution
		SolutionGuid = {22ACF50F-74D7-4A05-85C8-6D0564FD712E}
	EndGlobalSection
EndGlobal
