
Microsoft Visual Studio Solution File, Format Version 12.00
# Visual Studio Version 17
VisualStudioVersion = 17.1.32228.430
MinimumVisualStudioVersion = 10.0.40219.1
Project("{9A19103F-16F7-4668-BE54-9A1E7A4F7556}") = "01. Count Same Values in Array", "01. Count Same Values in Array\01. Count Same Values in Array.csproj", "{3CC52494-6931-4418-80A5-E04F93544A2F}"
EndProject
Project("{9A19103F-16F7-4668-BE54-9A1E7A4F7556}") = "02. Average Student Grades", "02. Average Student Grades\02. Average Student Grades.csproj", "{B87AA0DE-A65F-4D20-8D41-763408068333}"
EndProject
Project("{FAE04EC0-301F-11D3-BF4B-00C04F79EFBC}") = "03. Largest 3 Numbers", "03. Largest 3 Numbers\03. Largest 3 Numbers.csproj", "{FCBB78DF-98A2-41FD-A80F-9D55128DFAF4}"
EndProject
Project("{FAE04EC0-301F-11D3-BF4B-00C04F79EFBC}") = "04. Product Shop", "04. Product Shop\04. Product Shop.csproj", "{8D39CB70-DF93-4624-BCF3-AA7085154FBD}"
EndProject
Project("{FAE04EC0-301F-11D3-BF4B-00C04F79EFBC}") = "05. Cities by Continent and Country", "05. Cities by Continent and Country\05. Cities by Continent and Country.csproj", "{58B742BD-D5CC-4E05-B3B6-062D1E749F36}"
EndProject
Project("{FAE04EC0-301F-11D3-BF4B-00C04F79EFBC}") = "06. Record Unique Names", "06. Record Unique Names\06. Record Unique Names.csproj", "{B675B6C8-91CD-46F1-B1E3-C3BF533A4F42}"
EndProject
Project("{FAE04EC0-301F-11D3-BF4B-00C04F79EFBC}") = "07. Parking Lot", "07. Parking Lot\07. Parking Lot.csproj", "{25D5D2F9-A919-4A7B-8099-F59EB06727E2}"
EndProject
Project("{FAE04EC0-301F-11D3-BF4B-00C04F79EFBC}") = "08. SoftUni Party", "08. SoftUni Party\08. SoftUni Party.csproj", "{ABC4342C-0A50-4A93-906C-65CA6620009F}"
EndProject
Global
	GlobalSection(SolutionConfigurationPlatforms) = preSolution
		Debug|Any CPU = Debug|Any CPU
		Release|Any CPU = Release|Any CPU
	EndGlobalSection
	GlobalSection(ProjectConfigurationPlatforms) = postSolution
		{3CC52494-6931-4418-80A5-E04F93544A2F}.Debug|Any CPU.ActiveCfg = Debug|Any CPU
		{3CC52494-6931-4418-80A5-E04F93544A2F}.Debug|Any CPU.Build.0 = Debug|Any CPU
		{3CC52494-6931-4418-80A5-E04F93544A2F}.Release|Any CPU.ActiveCfg = Release|Any CPU
		{3CC52494-6931-4418-80A5-E04F93544A2F}.Release|Any CPU.Build.0 = Release|Any CPU
		{B87AA0DE-A65F-4D20-8D41-763408068333}.Debug|Any CPU.ActiveCfg = Debug|Any CPU
		{B87AA0DE-A65F-4D20-8D41-763408068333}.Debug|Any CPU.Build.0 = Debug|Any CPU
		{B87AA0DE-A65F-4D20-8D41-763408068333}.Release|Any CPU.ActiveCfg = Release|Any CPU
		{B87AA0DE-A65F-4D20-8D41-763408068333}.Release|Any CPU.Build.0 = Release|Any CPU
		{FCBB78DF-98A2-41FD-A80F-9D55128DFAF4}.Debug|Any CPU.ActiveCfg = Debug|Any CPU
		{FCBB78DF-98A2-41FD-A80F-9D55128DFAF4}.Debug|Any CPU.Build.0 = Debug|Any CPU
		{FCBB78DF-98A2-41FD-A80F-9D55128DFAF4}.Release|Any CPU.ActiveCfg = Release|Any CPU
		{FCBB78DF-98A2-41FD-A80F-9D55128DFAF4}.Release|Any CPU.Build.0 = Release|Any CPU
		{8D39CB70-DF93-4624-BCF3-AA7085154FBD}.Debug|Any CPU.ActiveCfg = Debug|Any CPU
		{8D39CB70-DF93-4624-BCF3-AA7085154FBD}.Debug|Any CPU.Build.0 = Debug|Any CPU
		{8D39CB70-DF93-4624-BCF3-AA7085154FBD}.Release|Any CPU.ActiveCfg = Release|Any CPU
		{8D39CB70-DF93-4624-BCF3-AA7085154FBD}.Release|Any CPU.Build.0 = Release|Any CPU
		{58B742BD-D5CC-4E05-B3B6-062D1E749F36}.Debug|Any CPU.ActiveCfg = Debug|Any CPU
		{58B742BD-D5CC-4E05-B3B6-062D1E749F36}.Debug|Any CPU.Build.0 = Debug|Any CPU
		{58B742BD-D5CC-4E05-B3B6-062D1E749F36}.Release|Any CPU.ActiveCfg = Release|Any CPU
		{58B742BD-D5CC-4E05-B3B6-062D1E749F36}.Release|Any CPU.Build.0 = Release|Any CPU
		{B675B6C8-91CD-46F1-B1E3-C3BF533A4F42}.Debug|Any CPU.ActiveCfg = Debug|Any CPU
		{B675B6C8-91CD-46F1-B1E3-C3BF533A4F42}.Debug|Any CPU.Build.0 = Debug|Any CPU
		{B675B6C8-91CD-46F1-B1E3-C3BF533A4F42}.Release|Any CPU.ActiveCfg = Release|Any CPU
		{B675B6C8-91CD-46F1-B1E3-C3BF533A4F42}.Release|Any CPU.Build.0 = Release|Any CPU
		{25D5D2F9-A919-4A7B-8099-F59EB06727E2}.Debug|Any CPU.ActiveCfg = Debug|Any CPU
		{25D5D2F9-A919-4A7B-8099-F59EB06727E2}.Debug|Any CPU.Build.0 = Debug|Any CPU
		{25D5D2F9-A919-4A7B-8099-F59EB06727E2}.Release|Any CPU.ActiveCfg = Release|Any CPU
		{25D5D2F9-A919-4A7B-8099-F59EB06727E2}.Release|Any CPU.Build.0 = Release|Any CPU
		{ABC4342C-0A50-4A93-906C-65CA6620009F}.Debug|Any CPU.ActiveCfg = Debug|Any CPU
		{ABC4342C-0A50-4A93-906C-65CA6620009F}.Debug|Any CPU.Build.0 = Debug|Any CPU
		{ABC4342C-0A50-4A93-906C-65CA6620009F}.Release|Any CPU.ActiveCfg = Release|Any CPU
		{ABC4342C-0A50-4A93-906C-65CA6620009F}.Release|Any CPU.Build.0 = Release|Any CPU
	EndGlobalSection
	GlobalSection(SolutionProperties) = preSolution
		HideSolutionNode = FALSE
	EndGlobalSection
	GlobalSection(ExtensibilityGlobals) = postSolution
		SolutionGuid = {365FE5F9-B8B5-4D4B-9458-B32B65CA8690}
	EndGlobalSection
EndGlobal
